
Microsoft Visual Studio Solution File, Format Version 12.00
# Visual Studio 15
VisualStudioVersion = 15.0.26730.10
MinimumVisualStudioVersion = 10.0.40219.1
Project("{2150E333-8FDC-42A3-9474-1A3956D46DE8}") = ".solution", ".solution", "{F8898A39-CC89-4053-BEE1-E65411EC2075}"
	ProjectSection(SolutionItems) = preProject
		nuget.config = nuget.config
		VersionInfo.cs = VersionInfo.cs
	EndProjectSection
EndProject
Project("{2150E333-8FDC-42A3-9474-1A3956D46DE8}") = "Shared", "Shared", "{46C97222-D752-4A7F-98FF-4267110D7BAF}"
EndProject
Project("{FAE04EC0-301F-11D3-BF4B-00C04F79EFBC}") = "Common", "..\shared\Common\Common.csproj", "{C597AA4E-959A-4353-A2CB-F8D6352DC2C8}"
EndProject
Project("{FAE04EC0-301F-11D3-BF4B-00C04F79EFBC}") = "MVVM", "..\shared\MVVM\MVVM.csproj", "{64A1148E-1007-430F-B76D-A4115E276DAE}"
EndProject
Project("{FAE04EC0-301F-11D3-BF4B-00C04F79EFBC}") = "Themes", "..\shared\Themes\Themes.csproj", "{0BB7D14C-BE2D-402F-B1AE-D4D5F3B6737E}"
EndProject
Project("{FAE04EC0-301F-11D3-BF4B-00C04F79EFBC}") = "SyncWatcherTray", "..\projects\SyncWatcherTray\SyncWatcherTray.csproj", "{1CD52FB8-4C72-4B2D-96FB-5DC59650FC9F}"
EndProject
Project("{FAE04EC0-301F-11D3-BF4B-00C04F79EFBC}") = "WinScpApi", "..\shared\WinScpApi\WinScpApi.csproj", "{7F15D4E4-1246-49EE-B6C3-689F7FE1A5C8}"
EndProject
Project("{FAE04EC0-301F-11D3-BF4B-00C04F79EFBC}") = "FilebotApi", "..\shared\FilebotApi\FilebotApi.csproj", "{700E3B6D-7914-45B7-81FD-B2C452045A26}"
EndProject
Global
	GlobalSection(SolutionConfigurationPlatforms) = preSolution
		BuildToolDebug|Any CPU = BuildToolDebug|Any CPU
		BuildToolDebug|x64 = BuildToolDebug|x64
		BuildToolDebug|x86 = BuildToolDebug|x86
		BuildTools|Any CPU = BuildTools|Any CPU
		BuildTools|x64 = BuildTools|x64
		BuildTools|x86 = BuildTools|x86
		Debug|Any CPU = Debug|Any CPU
		Debug|x64 = Debug|x64
		Debug|x86 = Debug|x86
		Install|Any CPU = Install|Any CPU
		Install|x64 = Install|x64
		Install|x86 = Install|x86
		Release|Any CPU = Release|Any CPU
		Release|x64 = Release|x64
		Release|x86 = Release|x86
	EndGlobalSection
	GlobalSection(ProjectConfigurationPlatforms) = postSolution
		{C597AA4E-959A-4353-A2CB-F8D6352DC2C8}.BuildToolDebug|Any CPU.ActiveCfg = Debug|Any CPU
		{C597AA4E-959A-4353-A2CB-F8D6352DC2C8}.BuildToolDebug|Any CPU.Build.0 = Debug|Any CPU
		{C597AA4E-959A-4353-A2CB-F8D6352DC2C8}.BuildToolDebug|x64.ActiveCfg = Debug|Any CPU
		{C597AA4E-959A-4353-A2CB-F8D6352DC2C8}.BuildToolDebug|x64.Build.0 = Debug|Any CPU
		{C597AA4E-959A-4353-A2CB-F8D6352DC2C8}.BuildToolDebug|x86.ActiveCfg = Debug|Any CPU
		{C597AA4E-959A-4353-A2CB-F8D6352DC2C8}.BuildToolDebug|x86.Build.0 = Debug|Any CPU
		{C597AA4E-959A-4353-A2CB-F8D6352DC2C8}.BuildTools|Any CPU.ActiveCfg = Release|Any CPU
		{C597AA4E-959A-4353-A2CB-F8D6352DC2C8}.BuildTools|Any CPU.Build.0 = Release|Any CPU
		{C597AA4E-959A-4353-A2CB-F8D6352DC2C8}.BuildTools|x64.ActiveCfg = Release|Any CPU
		{C597AA4E-959A-4353-A2CB-F8D6352DC2C8}.BuildTools|x64.Build.0 = Release|Any CPU
		{C597AA4E-959A-4353-A2CB-F8D6352DC2C8}.BuildTools|x86.ActiveCfg = Release|Any CPU
		{C597AA4E-959A-4353-A2CB-F8D6352DC2C8}.BuildTools|x86.Build.0 = Release|Any CPU
		{C597AA4E-959A-4353-A2CB-F8D6352DC2C8}.Debug|Any CPU.ActiveCfg = Debug|Any CPU
		{C597AA4E-959A-4353-A2CB-F8D6352DC2C8}.Debug|Any CPU.Build.0 = Debug|Any CPU
		{C597AA4E-959A-4353-A2CB-F8D6352DC2C8}.Debug|x64.ActiveCfg = Debug|Any CPU
		{C597AA4E-959A-4353-A2CB-F8D6352DC2C8}.Debug|x64.Build.0 = Debug|Any CPU
		{C597AA4E-959A-4353-A2CB-F8D6352DC2C8}.Debug|x86.ActiveCfg = Debug|Any CPU
		{C597AA4E-959A-4353-A2CB-F8D6352DC2C8}.Debug|x86.Build.0 = Debug|Any CPU
		{C597AA4E-959A-4353-A2CB-F8D6352DC2C8}.Install|Any CPU.ActiveCfg = Release|Any CPU
		{C597AA4E-959A-4353-A2CB-F8D6352DC2C8}.Install|Any CPU.Build.0 = Release|Any CPU
		{C597AA4E-959A-4353-A2CB-F8D6352DC2C8}.Install|x64.ActiveCfg = Release|Any CPU
		{C597AA4E-959A-4353-A2CB-F8D6352DC2C8}.Install|x64.Build.0 = Release|Any CPU
		{C597AA4E-959A-4353-A2CB-F8D6352DC2C8}.Install|x86.ActiveCfg = Release|Any CPU
		{C597AA4E-959A-4353-A2CB-F8D6352DC2C8}.Install|x86.Build.0 = Release|Any CPU
		{C597AA4E-959A-4353-A2CB-F8D6352DC2C8}.Release|Any CPU.ActiveCfg = Release|Any CPU
		{C597AA4E-959A-4353-A2CB-F8D6352DC2C8}.Release|Any CPU.Build.0 = Release|Any CPU
		{C597AA4E-959A-4353-A2CB-F8D6352DC2C8}.Release|x64.ActiveCfg = Release|Any CPU
		{C597AA4E-959A-4353-A2CB-F8D6352DC2C8}.Release|x64.Build.0 = Release|Any CPU
		{C597AA4E-959A-4353-A2CB-F8D6352DC2C8}.Release|x86.ActiveCfg = Release|Any CPU
		{C597AA4E-959A-4353-A2CB-F8D6352DC2C8}.Release|x86.Build.0 = Release|Any CPU
		{64A1148E-1007-430F-B76D-A4115E276DAE}.BuildToolDebug|Any CPU.ActiveCfg = Debug|Any CPU
		{64A1148E-1007-430F-B76D-A4115E276DAE}.BuildToolDebug|Any CPU.Build.0 = Debug|Any CPU
		{64A1148E-1007-430F-B76D-A4115E276DAE}.BuildToolDebug|x64.ActiveCfg = Debug|Any CPU
		{64A1148E-1007-430F-B76D-A4115E276DAE}.BuildToolDebug|x64.Build.0 = Debug|Any CPU
		{64A1148E-1007-430F-B76D-A4115E276DAE}.BuildToolDebug|x86.ActiveCfg = Debug|Any CPU
		{64A1148E-1007-430F-B76D-A4115E276DAE}.BuildToolDebug|x86.Build.0 = Debug|Any CPU
		{64A1148E-1007-430F-B76D-A4115E276DAE}.BuildTools|Any CPU.ActiveCfg = Release|Any CPU
		{64A1148E-1007-430F-B76D-A4115E276DAE}.BuildTools|Any CPU.Build.0 = Release|Any CPU
		{64A1148E-1007-430F-B76D-A4115E276DAE}.BuildTools|x64.ActiveCfg = Release|Any CPU
		{64A1148E-1007-430F-B76D-A4115E276DAE}.BuildTools|x64.Build.0 = Release|Any CPU
		{64A1148E-1007-430F-B76D-A4115E276DAE}.BuildTools|x86.ActiveCfg = Release|Any CPU
		{64A1148E-1007-430F-B76D-A4115E276DAE}.BuildTools|x86.Build.0 = Release|Any CPU
		{64A1148E-1007-430F-B76D-A4115E276DAE}.Debug|Any CPU.ActiveCfg = Debug|Any CPU
		{64A1148E-1007-430F-B76D-A4115E276DAE}.Debug|Any CPU.Build.0 = Debug|Any CPU
		{64A1148E-1007-430F-B76D-A4115E276DAE}.Debug|x64.ActiveCfg = Debug|Any CPU
		{64A1148E-1007-430F-B76D-A4115E276DAE}.Debug|x64.Build.0 = Debug|Any CPU
		{64A1148E-1007-430F-B76D-A4115E276DAE}.Debug|x86.ActiveCfg = Debug|Any CPU
		{64A1148E-1007-430F-B76D-A4115E276DAE}.Debug|x86.Build.0 = Debug|Any CPU
		{64A1148E-1007-430F-B76D-A4115E276DAE}.Install|Any CPU.ActiveCfg = Release|Any CPU
		{64A1148E-1007-430F-B76D-A4115E276DAE}.Install|Any CPU.Build.0 = Release|Any CPU
		{64A1148E-1007-430F-B76D-A4115E276DAE}.Install|x64.ActiveCfg = Release|Any CPU
		{64A1148E-1007-430F-B76D-A4115E276DAE}.Install|x64.Build.0 = Release|Any CPU
		{64A1148E-1007-430F-B76D-A4115E276DAE}.Install|x86.ActiveCfg = Release|Any CPU
		{64A1148E-1007-430F-B76D-A4115E276DAE}.Install|x86.Build.0 = Release|Any CPU
		{64A1148E-1007-430F-B76D-A4115E276DAE}.Release|Any CPU.ActiveCfg = Release|Any CPU
		{64A1148E-1007-430F-B76D-A4115E276DAE}.Release|Any CPU.Build.0 = Release|Any CPU
		{64A1148E-1007-430F-B76D-A4115E276DAE}.Release|x64.ActiveCfg = Release|Any CPU
		{64A1148E-1007-430F-B76D-A4115E276DAE}.Release|x64.Build.0 = Release|Any CPU
		{64A1148E-1007-430F-B76D-A4115E276DAE}.Release|x86.ActiveCfg = Release|Any CPU
		{64A1148E-1007-430F-B76D-A4115E276DAE}.Release|x86.Build.0 = Release|Any CPU
		{0BB7D14C-BE2D-402F-B1AE-D4D5F3B6737E}.BuildToolDebug|Any CPU.ActiveCfg = Debug|Any CPU
		{0BB7D14C-BE2D-402F-B1AE-D4D5F3B6737E}.BuildToolDebug|Any CPU.Build.0 = Debug|Any CPU
		{0BB7D14C-BE2D-402F-B1AE-D4D5F3B6737E}.BuildToolDebug|x64.ActiveCfg = Debug|Any CPU
		{0BB7D14C-BE2D-402F-B1AE-D4D5F3B6737E}.BuildToolDebug|x64.Build.0 = Debug|Any CPU
		{0BB7D14C-BE2D-402F-B1AE-D4D5F3B6737E}.BuildToolDebug|x86.ActiveCfg = Debug|Any CPU
		{0BB7D14C-BE2D-402F-B1AE-D4D5F3B6737E}.BuildToolDebug|x86.Build.0 = Debug|Any CPU
		{0BB7D14C-BE2D-402F-B1AE-D4D5F3B6737E}.BuildTools|Any CPU.ActiveCfg = Release|Any CPU
		{0BB7D14C-BE2D-402F-B1AE-D4D5F3B6737E}.BuildTools|Any CPU.Build.0 = Release|Any CPU
		{0BB7D14C-BE2D-402F-B1AE-D4D5F3B6737E}.BuildTools|x64.ActiveCfg = Release|Any CPU
		{0BB7D14C-BE2D-402F-B1AE-D4D5F3B6737E}.BuildTools|x64.Build.0 = Release|Any CPU
		{0BB7D14C-BE2D-402F-B1AE-D4D5F3B6737E}.BuildTools|x86.ActiveCfg = Release|Any CPU
		{0BB7D14C-BE2D-402F-B1AE-D4D5F3B6737E}.BuildTools|x86.Build.0 = Release|Any CPU
		{0BB7D14C-BE2D-402F-B1AE-D4D5F3B6737E}.Debug|Any CPU.ActiveCfg = Debug|Any CPU
		{0BB7D14C-BE2D-402F-B1AE-D4D5F3B6737E}.Debug|Any CPU.Build.0 = Debug|Any CPU
		{0BB7D14C-BE2D-402F-B1AE-D4D5F3B6737E}.Debug|x64.ActiveCfg = Debug|Any CPU
		{0BB7D14C-BE2D-402F-B1AE-D4D5F3B6737E}.Debug|x64.Build.0 = Debug|Any CPU
		{0BB7D14C-BE2D-402F-B1AE-D4D5F3B6737E}.Debug|x86.ActiveCfg = Debug|Any CPU
		{0BB7D14C-BE2D-402F-B1AE-D4D5F3B6737E}.Debug|x86.Build.0 = Debug|Any CPU
		{0BB7D14C-BE2D-402F-B1AE-D4D5F3B6737E}.Install|Any CPU.ActiveCfg = Release|Any CPU
		{0BB7D14C-BE2D-402F-B1AE-D4D5F3B6737E}.Install|Any CPU.Build.0 = Release|Any CPU
		{0BB7D14C-BE2D-402F-B1AE-D4D5F3B6737E}.Install|x64.ActiveCfg = Release|Any CPU
		{0BB7D14C-BE2D-402F-B1AE-D4D5F3B6737E}.Install|x64.Build.0 = Release|Any CPU
		{0BB7D14C-BE2D-402F-B1AE-D4D5F3B6737E}.Install|x86.ActiveCfg = Release|Any CPU
		{0BB7D14C-BE2D-402F-B1AE-D4D5F3B6737E}.Install|x86.Build.0 = Release|Any CPU
		{0BB7D14C-BE2D-402F-B1AE-D4D5F3B6737E}.Release|Any CPU.ActiveCfg = Release|Any CPU
		{0BB7D14C-BE2D-402F-B1AE-D4D5F3B6737E}.Release|Any CPU.Build.0 = Release|Any CPU
		{0BB7D14C-BE2D-402F-B1AE-D4D5F3B6737E}.Release|x64.ActiveCfg = Release|Any CPU
		{0BB7D14C-BE2D-402F-B1AE-D4D5F3B6737E}.Release|x64.Build.0 = Release|Any CPU
		{0BB7D14C-BE2D-402F-B1AE-D4D5F3B6737E}.Release|x86.ActiveCfg = Release|Any CPU
		{0BB7D14C-BE2D-402F-B1AE-D4D5F3B6737E}.Release|x86.Build.0 = Release|Any CPU
		{1CD52FB8-4C72-4B2D-96FB-5DC59650FC9F}.BuildToolDebug|Any CPU.ActiveCfg = Debug|Any CPU
		{1CD52FB8-4C72-4B2D-96FB-5DC59650FC9F}.BuildToolDebug|Any CPU.Build.0 = Debug|Any CPU
		{1CD52FB8-4C72-4B2D-96FB-5DC59650FC9F}.BuildToolDebug|x64.ActiveCfg = Debug|Any CPU
		{1CD52FB8-4C72-4B2D-96FB-5DC59650FC9F}.BuildToolDebug|x64.Build.0 = Debug|Any CPU
		{1CD52FB8-4C72-4B2D-96FB-5DC59650FC9F}.BuildToolDebug|x86.ActiveCfg = Debug|Any CPU
		{1CD52FB8-4C72-4B2D-96FB-5DC59650FC9F}.BuildToolDebug|x86.Build.0 = Debug|Any CPU
		{1CD52FB8-4C72-4B2D-96FB-5DC59650FC9F}.BuildTools|Any CPU.ActiveCfg = Release|Any CPU
		{1CD52FB8-4C72-4B2D-96FB-5DC59650FC9F}.BuildTools|Any CPU.Build.0 = Release|Any CPU
		{1CD52FB8-4C72-4B2D-96FB-5DC59650FC9F}.BuildTools|x64.ActiveCfg = Release|Any CPU
		{1CD52FB8-4C72-4B2D-96FB-5DC59650FC9F}.BuildTools|x64.Build.0 = Release|Any CPU
		{1CD52FB8-4C72-4B2D-96FB-5DC59650FC9F}.BuildTools|x86.ActiveCfg = Release|Any CPU
		{1CD52FB8-4C72-4B2D-96FB-5DC59650FC9F}.BuildTools|x86.Build.0 = Release|Any CPU
		{1CD52FB8-4C72-4B2D-96FB-5DC59650FC9F}.Debug|Any CPU.ActiveCfg = Debug|Any CPU
		{1CD52FB8-4C72-4B2D-96FB-5DC59650FC9F}.Debug|Any CPU.Build.0 = Debug|Any CPU
		{1CD52FB8-4C72-4B2D-96FB-5DC59650FC9F}.Debug|x64.ActiveCfg = Debug|Any CPU
		{1CD52FB8-4C72-4B2D-96FB-5DC59650FC9F}.Debug|x64.Build.0 = Debug|Any CPU
		{1CD52FB8-4C72-4B2D-96FB-5DC59650FC9F}.Debug|x86.ActiveCfg = Debug|Any CPU
		{1CD52FB8-4C72-4B2D-96FB-5DC59650FC9F}.Debug|x86.Build.0 = Debug|Any CPU
		{1CD52FB8-4C72-4B2D-96FB-5DC59650FC9F}.Install|Any CPU.ActiveCfg = Release|Any CPU
		{1CD52FB8-4C72-4B2D-96FB-5DC59650FC9F}.Install|Any CPU.Build.0 = Release|Any CPU
		{1CD52FB8-4C72-4B2D-96FB-5DC59650FC9F}.Install|x64.ActiveCfg = Release|Any CPU
		{1CD52FB8-4C72-4B2D-96FB-5DC59650FC9F}.Install|x64.Build.0 = Release|Any CPU
		{1CD52FB8-4C72-4B2D-96FB-5DC59650FC9F}.Install|x86.ActiveCfg = Release|Any CPU
		{1CD52FB8-4C72-4B2D-96FB-5DC59650FC9F}.Install|x86.Build.0 = Release|Any CPU
		{1CD52FB8-4C72-4B2D-96FB-5DC59650FC9F}.Release|Any CPU.ActiveCfg = Release|Any CPU
		{1CD52FB8-4C72-4B2D-96FB-5DC59650FC9F}.Release|Any CPU.Build.0 = Release|Any CPU
		{1CD52FB8-4C72-4B2D-96FB-5DC59650FC9F}.Release|x64.ActiveCfg = Release|Any CPU
		{1CD52FB8-4C72-4B2D-96FB-5DC59650FC9F}.Release|x64.Build.0 = Release|Any CPU
		{1CD52FB8-4C72-4B2D-96FB-5DC59650FC9F}.Release|x86.ActiveCfg = Release|Any CPU
		{1CD52FB8-4C72-4B2D-96FB-5DC59650FC9F}.Release|x86.Build.0 = Release|Any CPU
		{7F15D4E4-1246-49EE-B6C3-689F7FE1A5C8}.BuildToolDebug|Any CPU.ActiveCfg = Debug|Any CPU
		{7F15D4E4-1246-49EE-B6C3-689F7FE1A5C8}.BuildToolDebug|Any CPU.Build.0 = Debug|Any CPU
		{7F15D4E4-1246-49EE-B6C3-689F7FE1A5C8}.BuildToolDebug|x64.ActiveCfg = Debug|Any CPU
		{7F15D4E4-1246-49EE-B6C3-689F7FE1A5C8}.BuildToolDebug|x64.Build.0 = Debug|Any CPU
		{7F15D4E4-1246-49EE-B6C3-689F7FE1A5C8}.BuildToolDebug|x86.ActiveCfg = Debug|Any CPU
		{7F15D4E4-1246-49EE-B6C3-689F7FE1A5C8}.BuildToolDebug|x86.Build.0 = Debug|Any CPU
		{7F15D4E4-1246-49EE-B6C3-689F7FE1A5C8}.BuildTools|Any CPU.ActiveCfg = Release|Any CPU
		{7F15D4E4-1246-49EE-B6C3-689F7FE1A5C8}.BuildTools|Any CPU.Build.0 = Release|Any CPU
		{7F15D4E4-1246-49EE-B6C3-689F7FE1A5C8}.BuildTools|x64.ActiveCfg = Release|Any CPU
		{7F15D4E4-1246-49EE-B6C3-689F7FE1A5C8}.BuildTools|x64.Build.0 = Release|Any CPU
		{7F15D4E4-1246-49EE-B6C3-689F7FE1A5C8}.BuildTools|x86.ActiveCfg = Release|Any CPU
		{7F15D4E4-1246-49EE-B6C3-689F7FE1A5C8}.BuildTools|x86.Build.0 = Release|Any CPU
		{7F15D4E4-1246-49EE-B6C3-689F7FE1A5C8}.Debug|Any CPU.ActiveCfg = Debug|Any CPU
		{7F15D4E4-1246-49EE-B6C3-689F7FE1A5C8}.Debug|Any CPU.Build.0 = Debug|Any CPU
		{7F15D4E4-1246-49EE-B6C3-689F7FE1A5C8}.Debug|x64.ActiveCfg = Debug|Any CPU
		{7F15D4E4-1246-49EE-B6C3-689F7FE1A5C8}.Debug|x64.Build.0 = Debug|Any CPU
		{7F15D4E4-1246-49EE-B6C3-689F7FE1A5C8}.Debug|x86.ActiveCfg = Debug|Any CPU
		{7F15D4E4-1246-49EE-B6C3-689F7FE1A5C8}.Debug|x86.Build.0 = Debug|Any CPU
		{7F15D4E4-1246-49EE-B6C3-689F7FE1A5C8}.Install|Any CPU.ActiveCfg = Release|Any CPU
		{7F15D4E4-1246-49EE-B6C3-689F7FE1A5C8}.Install|Any CPU.Build.0 = Release|Any CPU
		{7F15D4E4-1246-49EE-B6C3-689F7FE1A5C8}.Install|x64.ActiveCfg = Release|Any CPU
		{7F15D4E4-1246-49EE-B6C3-689F7FE1A5C8}.Install|x64.Build.0 = Release|Any CPU
		{7F15D4E4-1246-49EE-B6C3-689F7FE1A5C8}.Install|x86.ActiveCfg = Release|Any CPU
		{7F15D4E4-1246-49EE-B6C3-689F7FE1A5C8}.Install|x86.Build.0 = Release|Any CPU
		{7F15D4E4-1246-49EE-B6C3-689F7FE1A5C8}.Release|Any CPU.ActiveCfg = Release|Any CPU
		{7F15D4E4-1246-49EE-B6C3-689F7FE1A5C8}.Release|Any CPU.Build.0 = Release|Any CPU
		{7F15D4E4-1246-49EE-B6C3-689F7FE1A5C8}.Release|x64.ActiveCfg = Release|Any CPU
		{7F15D4E4-1246-49EE-B6C3-689F7FE1A5C8}.Release|x64.Build.0 = Release|Any CPU
		{7F15D4E4-1246-49EE-B6C3-689F7FE1A5C8}.Release|x86.ActiveCfg = Release|Any CPU
		{7F15D4E4-1246-49EE-B6C3-689F7FE1A5C8}.Release|x86.Build.0 = Release|Any CPU
		{700E3B6D-7914-45B7-81FD-B2C452045A26}.BuildToolDebug|Any CPU.ActiveCfg = Debug|Any CPU
		{700E3B6D-7914-45B7-81FD-B2C452045A26}.BuildToolDebug|Any CPU.Build.0 = Debug|Any CPU
		{700E3B6D-7914-45B7-81FD-B2C452045A26}.BuildToolDebug|x64.ActiveCfg = Debug|Any CPU
		{700E3B6D-7914-45B7-81FD-B2C452045A26}.BuildToolDebug|x64.Build.0 = Debug|Any CPU
		{700E3B6D-7914-45B7-81FD-B2C452045A26}.BuildToolDebug|x86.ActiveCfg = Debug|Any CPU
		{700E3B6D-7914-45B7-81FD-B2C452045A26}.BuildToolDebug|x86.Build.0 = Debug|Any CPU
		{700E3B6D-7914-45B7-81FD-B2C452045A26}.BuildTools|Any CPU.ActiveCfg = Release|Any CPU
		{700E3B6D-7914-45B7-81FD-B2C452045A26}.BuildTools|Any CPU.Build.0 = Release|Any CPU
		{700E3B6D-7914-45B7-81FD-B2C452045A26}.BuildTools|x64.ActiveCfg = Release|Any CPU
		{700E3B6D-7914-45B7-81FD-B2C452045A26}.BuildTools|x64.Build.0 = Release|Any CPU
		{700E3B6D-7914-45B7-81FD-B2C452045A26}.BuildTools|x86.ActiveCfg = Release|Any CPU
		{700E3B6D-7914-45B7-81FD-B2C452045A26}.BuildTools|x86.Build.0 = Release|Any CPU
		{700E3B6D-7914-45B7-81FD-B2C452045A26}.Debug|Any CPU.ActiveCfg = Debug|Any CPU
		{700E3B6D-7914-45B7-81FD-B2C452045A26}.Debug|Any CPU.Build.0 = Debug|Any CPU
		{700E3B6D-7914-45B7-81FD-B2C452045A26}.Debug|x64.ActiveCfg = Debug|Any CPU
		{700E3B6D-7914-45B7-81FD-B2C452045A26}.Debug|x64.Build.0 = Debug|Any CPU
		{700E3B6D-7914-45B7-81FD-B2C452045A26}.Debug|x86.ActiveCfg = Debug|Any CPU
		{700E3B6D-7914-45B7-81FD-B2C452045A26}.Debug|x86.Build.0 = Debug|Any CPU
		{700E3B6D-7914-45B7-81FD-B2C452045A26}.Install|Any CPU.ActiveCfg = Release|Any CPU
		{700E3B6D-7914-45B7-81FD-B2C452045A26}.Install|Any CPU.Build.0 = Release|Any CPU
		{700E3B6D-7914-45B7-81FD-B2C452045A26}.Install|x64.ActiveCfg = Release|Any CPU
		{700E3B6D-7914-45B7-81FD-B2C452045A26}.Install|x64.Build.0 = Release|Any CPU
		{700E3B6D-7914-45B7-81FD-B2C452045A26}.Install|x86.ActiveCfg = Release|Any CPU
		{700E3B6D-7914-45B7-81FD-B2C452045A26}.Install|x86.Build.0 = Release|Any CPU
		{700E3B6D-7914-45B7-81FD-B2C452045A26}.Release|Any CPU.ActiveCfg = Release|Any CPU
		{700E3B6D-7914-45B7-81FD-B2C452045A26}.Release|Any CPU.Build.0 = Release|Any CPU
		{700E3B6D-7914-45B7-81FD-B2C452045A26}.Release|x64.ActiveCfg = Release|Any CPU
		{700E3B6D-7914-45B7-81FD-B2C452045A26}.Release|x64.Build.0 = Release|Any CPU
		{700E3B6D-7914-45B7-81FD-B2C452045A26}.Release|x86.ActiveCfg = Release|Any CPU
		{700E3B6D-7914-45B7-81FD-B2C452045A26}.Release|x86.Build.0 = Release|Any CPU
	EndGlobalSection
	GlobalSection(SolutionProperties) = preSolution
		HideSolutionNode = FALSE
	EndGlobalSection
	GlobalSection(NestedProjects) = preSolution
		{C597AA4E-959A-4353-A2CB-F8D6352DC2C8} = {46C97222-D752-4A7F-98FF-4267110D7BAF}
		{64A1148E-1007-430F-B76D-A4115E276DAE} = {46C97222-D752-4A7F-98FF-4267110D7BAF}
		{0BB7D14C-BE2D-402F-B1AE-D4D5F3B6737E} = {46C97222-D752-4A7F-98FF-4267110D7BAF}
		{7F15D4E4-1246-49EE-B6C3-689F7FE1A5C8} = {46C97222-D752-4A7F-98FF-4267110D7BAF}
		{700E3B6D-7914-45B7-81FD-B2C452045A26} = {46C97222-D752-4A7F-98FF-4267110D7BAF}
	EndGlobalSection
	GlobalSection(ExtensibilityGlobals) = postSolution
		SolutionGuid = {A2F71BF2-AE65-4468-BB1F-18CFDD45128A}
	EndGlobalSection
EndGlobal
